
Microsoft Visual Studio Solution File, Format Version 12.00
# Visual Studio Version 17
VisualStudioVersion = 17.13.35931.197 d17.13
MinimumVisualStudioVersion = 10.0.40219.1
Project("{FAE04EC0-301F-11D3-BF4B-00C04F79EFBC}") = "Database Operation", "Database Operation.csproj", "{D7660739-F08A-470D-A48C-2AD7A2141CD8}"
EndProject
Global
	GlobalSection(SolutionConfigurationPlatforms) = preSolution
		Debug|Any CPU = Debug|Any CPU
		Release|Any CPU = Release|Any CPU
	EndGlobalSection
	GlobalSection(ProjectConfigurationPlatforms) = postSolution
		{D7660739-F08A-470D-A48C-2AD7A2141CD8}.Debug|Any CPU.ActiveCfg = Debug|Any CPU
		{D7660739-F08A-470D-A48C-2AD7A2141CD8}.Debug|Any CPU.Build.0 = Debug|Any CPU
		{D7660739-F08A-470D-A48C-2AD7A2141CD8}.Release|Any CPU.ActiveCfg = Release|Any CPU
		{D7660739-F08A-470D-A48C-2AD7A2141CD8}.Release|Any CPU.Build.0 = Release|Any CPU
	EndGlobalSection
	GlobalSection(SolutionProperties) = preSolution
		HideSolutionNode = FALSE
	EndGlobalSection
	GlobalSection(ExtensibilityGlobals) = postSolution
		SolutionGuid = {B1AE4361-FC87-4CE7-8BEA-4A4FD21982DC}
	EndGlobalSection
EndGlobal
