
Microsoft Visual Studio Solution File, Format Version 12.00
# Visual Studio Version 17
VisualStudioVersion = 17.13.35931.197 d17.13
MinimumVisualStudioVersion = 10.0.40219.1
Project("{FAE04EC0-301F-11D3-BF4B-00C04F79EFBC}") = "HappyBirthday CakeAnimation", "HappyBirthday CakeAnimation.csproj", "{BD48C46D-167D-4265-A3D0-0F334B87C661}"
EndProject
Global
	GlobalSection(SolutionConfigurationPlatforms) = preSolution
		Debug|Any CPU = Debug|Any CPU
		Release|Any CPU = Release|Any CPU
	EndGlobalSection
	GlobalSection(ProjectConfigurationPlatforms) = postSolution
		{BD48C46D-167D-4265-A3D0-0F334B87C661}.Debug|Any CPU.ActiveCfg = Debug|Any CPU
		{BD48C46D-167D-4265-A3D0-0F334B87C661}.Debug|Any CPU.Build.0 = Debug|Any CPU
		{BD48C46D-167D-4265-A3D0-0F334B87C661}.Release|Any CPU.ActiveCfg = Release|Any CPU
		{BD48C46D-167D-4265-A3D0-0F334B87C661}.Release|Any CPU.Build.0 = Release|Any CPU
	EndGlobalSection
	GlobalSection(SolutionProperties) = preSolution
		HideSolutionNode = FALSE
	EndGlobalSection
	GlobalSection(ExtensibilityGlobals) = postSolution
		SolutionGuid = {2B45AE99-C742-403E-BF45-2D3415955194}
	EndGlobalSection
EndGlobal
