
Microsoft Visual Studio Solution File, Format Version 12.00
# Visual Studio Version 17
VisualStudioVersion = 17.13.35931.197 d17.13
MinimumVisualStudioVersion = 10.0.40219.1
Project("{FAE04EC0-301F-11D3-BF4B-00C04F79EFBC}") = "Hello World Form", "Hello World Form.csproj", "{7C03A3D7-442A-4B38-8E75-469B1B681AFA}"
EndProject
Global
	GlobalSection(SolutionConfigurationPlatforms) = preSolution
		Debug|Any CPU = Debug|Any CPU
		Release|Any CPU = Release|Any CPU
	EndGlobalSection
	GlobalSection(ProjectConfigurationPlatforms) = postSolution
		{7C03A3D7-442A-4B38-8E75-469B1B681AFA}.Debug|Any CPU.ActiveCfg = Debug|Any CPU
		{7C03A3D7-442A-4B38-8E75-469B1B681AFA}.Debug|Any CPU.Build.0 = Debug|Any CPU
		{7C03A3D7-442A-4B38-8E75-469B1B681AFA}.Release|Any CPU.ActiveCfg = Release|Any CPU
		{7C03A3D7-442A-4B38-8E75-469B1B681AFA}.Release|Any CPU.Build.0 = Release|Any CPU
	EndGlobalSection
	GlobalSection(SolutionProperties) = preSolution
		HideSolutionNode = FALSE
	EndGlobalSection
	GlobalSection(ExtensibilityGlobals) = postSolution
		SolutionGuid = {5EF8ECA9-276B-43D2-AD5C-8984E3880E6B}
	EndGlobalSection
EndGlobal
