
Microsoft Visual Studio Solution File, Format Version 12.00
# Visual Studio Version 17
VisualStudioVersion = 17.13.35931.197 d17.13
MinimumVisualStudioVersion = 10.0.40219.1
Project("{FAE04EC0-301F-11D3-BF4B-00C04F79EFBC}") = "HappyBirthdayApp", "HappyBirthdayApp.csproj", "{92AEB272-9316-4765-879B-221217022992}"
EndProject
Global
	GlobalSection(SolutionConfigurationPlatforms) = preSolution
		Debug|Any CPU = Debug|Any CPU
		Release|Any CPU = Release|Any CPU
	EndGlobalSection
	GlobalSection(ProjectConfigurationPlatforms) = postSolution
		{92AEB272-9316-4765-879B-221217022992}.Debug|Any CPU.ActiveCfg = Debug|Any CPU
		{92AEB272-9316-4765-879B-221217022992}.Debug|Any CPU.Build.0 = Debug|Any CPU
		{92AEB272-9316-4765-879B-221217022992}.Release|Any CPU.ActiveCfg = Release|Any CPU
		{92AEB272-9316-4765-879B-221217022992}.Release|Any CPU.Build.0 = Release|Any CPU
	EndGlobalSection
	GlobalSection(SolutionProperties) = preSolution
		HideSolutionNode = FALSE
	EndGlobalSection
	GlobalSection(ExtensibilityGlobals) = postSolution
		SolutionGuid = {79883E9D-E83E-4D09-8BB4-FD83A33DDD2F}
	EndGlobalSection
EndGlobal
