
Microsoft Visual Studio Solution File, Format Version 12.00
# Visual Studio Version 17
VisualStudioVersion = 17.13.35931.197 d17.13
MinimumVisualStudioVersion = 10.0.40219.1
Project("{FAE04EC0-301F-11D3-BF4B-00C04F79EFBC}") = "DodgerGame copy", "DodgerGame copy.csproj", "{A839E6F3-86B9-4C6D-BEBE-B63F4F642495}"
EndProject
Global
	GlobalSection(SolutionConfigurationPlatforms) = preSolution
		Debug|Any CPU = Debug|Any CPU
		Release|Any CPU = Release|Any CPU
	EndGlobalSection
	GlobalSection(ProjectConfigurationPlatforms) = postSolution
		{A839E6F3-86B9-4C6D-BEBE-B63F4F642495}.Debug|Any CPU.ActiveCfg = Debug|Any CPU
		{A839E6F3-86B9-4C6D-BEBE-B63F4F642495}.Debug|Any CPU.Build.0 = Debug|Any CPU
		{A839E6F3-86B9-4C6D-BEBE-B63F4F642495}.Release|Any CPU.ActiveCfg = Release|Any CPU
		{A839E6F3-86B9-4C6D-BEBE-B63F4F642495}.Release|Any CPU.Build.0 = Release|Any CPU
	EndGlobalSection
	GlobalSection(SolutionProperties) = preSolution
		HideSolutionNode = FALSE
	EndGlobalSection
	GlobalSection(ExtensibilityGlobals) = postSolution
		SolutionGuid = {E4245C7A-93E1-4DBF-8942-6FBD505AFA88}
	EndGlobalSection
EndGlobal
